// !$*UTF8*$!
{
	archiveVersion = 1;
	classes = {
	};
	objectVersion = 50;
	objects = {

/* Begin PBXBuildFile section */
		D72972F321BE49790010FDE3 /* test.c in Sources */ = {isa = PBXBuildFile; fileRef = D72972F221BE49790010FDE3 /* test.c */; };
		D763841321C4C92A00544926 /* operatordemo.c in Sources */ = {isa = PBXBuildFile; fileRef = D763841221C4C92A00544926 /* operatordemo.c */; };
		D763841621C4DA6800544926 /* testarray.c in Sources */ = {isa = PBXBuildFile; fileRef = D763841521C4DA6800544926 /* testarray.c */; };
		D7E863A22192D04D006114AA /* main.c in Sources */ = {isa = PBXBuildFile; fileRef = D7E863A12192D04D006114AA /* main.c */; };
/* End PBXBuildFile section */

/* Begin PBXCopyFilesBuildPhase section */
		D7E8639C2192D04D006114AA /* CopyFiles */ = {
			isa = PBXCopyFilesBuildPhase;
			buildActionMask = 2147483647;
			dstPath = /usr/share/man/man1/;
			dstSubfolderSpec = 0;
			files = (
			);
			runOnlyForDeploymentPostprocessing = 1;
		};
/* End PBXCopyFilesBuildPhase section */

/* Begin PBXFileReference section */
		D72972F121BE49790010FDE3 /* test.h */ = {isa = PBXFileReference; lastKnownFileType = sourcecode.c.h; path = test.h; sourceTree = "<group>"; };
		D72972F221BE49790010FDE3 /* test.c */ = {isa = PBXFileReference; lastKnownFileType = sourcecode.c.c; path = test.c; sourceTree = "<group>"; };
		D763841121C4C92A00544926 /* operatordemo.h */ = {isa = PBXFileReference; lastKnownFileType = sourcecode.c.h; path = operatordemo.h; sourceTree = "<group>"; };
		D763841221C4C92A00544926 /* operatordemo.c */ = {isa = PBXFileReference; lastKnownFileType = sourcecode.c.c; path = operatordemo.c; sourceTree = "<group>"; };
		D763841421C4DA6800544926 /* testarray.h */ = {isa = PBXFileReference; lastKnownFileType = sourcecode.c.h; path = testarray.h; sourceTree = "<group>"; };
		D763841521C4DA6800544926 /* testarray.c */ = {isa = PBXFileReference; lastKnownFileType = sourcecode.c.c; path = testarray.c; sourceTree = "<group>"; };
		D7E8639E2192D04D006114AA /* CPlusDemo */ = {isa = PBXFileReference; explicitFileType = "compiled.mach-o.executable"; includeInIndex = 0; path = CPlusDemo; sourceTree = BUILT_PRODUCTS_DIR; };
		D7E863A12192D04D006114AA /* main.c */ = {isa = PBXFileReference; lastKnownFileType = sourcecode.c.c; path = main.c; sourceTree = "<group>"; };
/* End PBXFileReference section */

/* Begin PBXFrameworksBuildPhase section */
		D7E8639B2192D04D006114AA /* Frameworks */ = {
			isa = PBXFrameworksBuildPhase;
			buildActionMask = 2147483647;
			files = (
			);
			runOnlyForDeploymentPostprocessing = 0;
		};
/* End PBXFrameworksBuildPhase section */

/* Begin PBXGroup section */
		D7E863952192D04D006114AA = {
			isa = PBXGroup;
			children = (
				D7E863A02192D04D006114AA /* CPlusDemo */,
				D7E8639F2192D04D006114AA /* Products */,
			);
			sourceTree = "<group>";
		};
		D7E8639F2192D04D006114AA /* Products */ = {
			isa = PBXGroup;
			children = (
				D7E8639E2192D04D006114AA /* CPlusDemo */,
			);
			name = Products;
			sourceTree = "<group>";
		};
		D7E863A02192D04D006114AA /* CPlusDemo */ = {
			isa = PBXGroup;
			children = (
				D7E863A12192D04D006114AA /* main.c */,
				D72972F121BE49790010FDE3 /* test.h */,
				D72972F221BE49790010FDE3 /* test.c */,
				D763841121C4C92A00544926 /* operatordemo.h */,
				D763841221C4C92A00544926 /* operatordemo.c */,
				D763841421C4DA6800544926 /* testarray.h */,
				D763841521C4DA6800544926 /* testarray.c */,
			);
			path = CPlusDemo;
			sourceTree = "<group>";
		};
/* End PBXGroup section */

/* Begin PBXNativeTarget section */
		D7E8639D2192D04D006114AA /* CPlusDemo */ = {
			isa = PBXNativeTarget;
			buildConfigurationList = D7E863A52192D04D006114AA /* Build configuration list for PBXNativeTarget "CPlusDemo" */;
			buildPhases = (
				D7E8639A2192D04D006114AA /* Sources */,
				D7E8639B2192D04D006114AA /* Frameworks */,
				D7E8639C2192D04D006114AA /* CopyFiles */,
			);
			buildRules = (
			);
			dependencies = (
			);
			name = CPlusDemo;
			productName = CPlusDemo;
			productReference = D7E8639E2192D04D006114AA /* CPlusDemo */;
			productType = "com.apple.product-type.tool";
		};
/* End PBXNativeTarget section */

/* Begin PBXProject section */
		D7E863962192D04D006114AA /* Project object */ = {
			isa = PBXProject;
			attributes = {
				LastUpgradeCheck = 1010;
				ORGANIZATIONNAME = "xibei sunny";
				TargetAttributes = {
					D7E8639D2192D04D006114AA = {
						CreatedOnToolsVersion = 10.1;
					};
				};
			};
			buildConfigurationList = D7E863992192D04D006114AA /* Build configuration list for PBXProject "CPlusDemo" */;
			compatibilityVersion = "Xcode 9.3";
			developmentRegion = en;
			hasScannedForEncodings = 0;
			knownRegions = (
				en,
			);
			mainGroup = D7E863952192D04D006114AA;
			productRefGroup = D7E8639F2192D04D006114AA /* Products */;
			projectDirPath = "";
			projectRoot = "";
			targets = (
				D7E8639D2192D04D006114AA /* CPlusDemo */,
			);
		};
/* End PBXProject section */

/* Begin PBXSourcesBuildPhase section */
		D7E8639A2192D04D006114AA /* Sources */ = {
			isa = PBXSourcesBuildPhase;
			buildActionMask = 2147483647;
			files = (
				D7E863A22192D04D006114AA /* main.c in Sources */,
				D763841321C4C92A00544926 /* operatordemo.c in Sources */,
				D72972F321BE49790010FDE3 /* test.c in Sources */,
				D763841621C4DA6800544926 /* testarray.c in Sources */,
			);
			runOnlyForDeploymentPostprocessing = 0;
		};
/* End PBXSourcesBuildPhase section */

/* Begin XCBuildConfiguration section */
		D7E863A32192D04D006114AA /* Debug */ = {
			isa = XCBuildConfiguration;
			buildSettings = {
				ALWAYS_SEARCH_USER_PATHS = NO;
				CLANG_ANALYZER_NONNULL = YES;
				CLANG_ANALYZER_NUMBER_OBJECT_CONVERSION = YES_AGGRESSIVE;
				CLANG_CXX_LANGUAGE_STANDARD = "gnu++14";
				CLANG_CXX_LIBRARY = "libc++";
				CLANG_ENABLE_MODULES = YES;
				CLANG_ENABLE_OBJC_ARC = YES;
				CLANG_ENABLE_OBJC_WEAK = YES;
				CLANG_WARN_BLOCK_CAPTURE_AUTORELEASING = YES;
				CLANG_WARN_BOOL_CONVERSION = YES;
				CLANG_WARN_COMMA = YES;
				CLANG_WARN_CONSTANT_CONVERSION = YES;
				CLANG_WARN_DEPRECATED_OBJC_IMPLEMENTATIONS = YES;
				CLANG_WARN_DIRECT_OBJC_ISA_USAGE = YES_ERROR;
				CLANG_WARN_DOCUMENTATION_COMMENTS = YES;
				CLANG_WARN_EMPTY_BODY = YES;
				CLANG_WARN_ENUM_CONVERSION = YES;
				CLANG_WARN_INFINITE_RECURSION = YES;
				CLANG_WARN_INT_CONVERSION = YES;
				CLANG_WARN_NON_LITERAL_NULL_CONVERSION = YES;
				CLANG_WARN_OBJC_IMPLICIT_RETAIN_SELF = YES;
				CLANG_WARN_OBJC_LITERAL_CONVERSION = YES;
				CLANG_WARN_OBJC_ROOT_CLASS = YES_ERROR;
				CLANG_WARN_RANGE_LOOP_ANALYSIS = YES;
				CLANG_WARN_STRICT_PROTOTYPES = YES;
				CLANG_WARN_SUSPICIOUS_MOVE = YES;
				CLANG_WARN_UNGUARDED_AVAILABILITY = YES_AGGRESSIVE;
				CLANG_WARN_UNREACHABLE_CODE = YES;
				CLANG_WARN__DUPLICATE_METHOD_MATCH = YES;
				CODE_SIGN_IDENTITY = "-";
				COPY_PHASE_STRIP = NO;
				DEBUG_INFORMATION_FORMAT = dwarf;
				ENABLE_STRICT_OBJC_MSGSEND = YES;
				ENABLE_TESTABILITY = YES;
				GCC_C_LANGUAGE_STANDARD = gnu11;
				GCC_DYNAMIC_NO_PIC = NO;
				GCC_NO_COMMON_BLOCKS = YES;
				GCC_OPTIMIZATION_LEVEL = 0;
				GCC_PREPROCESSOR_DEFINITIONS = (
					"DEBUG=1",
					"$(inherited)",
				);
				GCC_WARN_64_TO_32_BIT_CONVERSION = YES;
				GCC_WARN_ABOUT_RETURN_TYPE = YES_ERROR;
				GCC_WARN_UNDECLARED_SELECTOR = YES;
				GCC_WARN_UNINITIALIZED_AUTOS = YES_AGGRESSIVE;
				GCC_WARN_UNUSED_FUNCTION = YES;
				GCC_WARN_UNUSED_VARIABLE = YES;
				MACOSX_DEPLOYMENT_TARGET = 10.14;
				MTL_ENABLE_DEBUG_INFO = INCLUDE_SOURCE;
				MTL_FAST_MATH = YES;
				ONLY_ACTIVE_ARCH = YES;
				SDKROOT = macosx;
			};
			name = Debug;
		};
		D7E863A42192D04D006114AA /* Release */ = {
			isa = XCBuildConfiguration;
			buildSettings = {
				ALWAYS_SEARCH_USER_PATHS = NO;
				CLANG_ANALYZER_NONNULL = YES;
				CLANG_ANALYZER_NUMBER_OBJECT_CONVERSION = YES_AGGRESSIVE;
				CLANG_CXX_LANGUAGE_STANDARD = "gnu++14";
				CLANG_CXX_LIBRARY = "libc++";
				CLANG_ENABLE_MODULES = YES;
				CLANG_ENABLE_OBJC_ARC = YES;
				CLANG_ENABLE_OBJC_WEAK = YES;
				CLANG_WARN_BLOCK_CAPTURE_AUTORELEASING = YES;
				CLANG_WARN_BOOL_CONVERSION = YES;
				CLANG_WARN_COMMA = YES;
				CLANG_WARN_CONSTANT_CONVERSION = YES;
				CLANG_WARN_DEPRECATED_OBJC_IMPLEMENTATIONS = YES;
				CLANG_WARN_DIRECT_OBJC_ISA_USAGE = YES_ERROR;
				CLANG_WARN_DOCUMENTATION_COMMENTS = YES;
				CLANG_WARN_EMPTY_BODY = YES;
				CLANG_WARN_ENUM_CONVERSION = YES;
				CLANG_WARN_INFINITE_RECURSION = YES;
				CLANG_WARN_INT_CONVERSION = YES;
				CLANG_WARN_NON_LITERAL_NULL_CONVERSION = YES;
				CLANG_WARN_OBJC_IMPLICIT_RETAIN_SELF = YES;
				CLANG_WARN_OBJC_LITERAL_CONVERSION = YES;
				CLANG_WARN_OBJC_ROOT_CLASS = YES_ERROR;
				CLANG_WARN_RANGE_LOOP_ANALYSIS = YES;
				CLANG_WARN_STRICT_PROTOTYPES = YES;
				CLANG_WARN_SUSPICIOUS_MOVE = YES;
				CLANG_WARN_UNGUARDED_AVAILABILITY = YES_AGGRESSIVE;
				CLANG_WARN_UNREACHABLE_CODE = YES;
				CLANG_WARN__DUPLICATE_METHOD_MATCH = YES;
				CODE_SIGN_IDENTITY = "-";
				COPY_PHASE_STRIP = NO;
				DEBUG_INFORMATION_FORMAT = "dwarf-with-dsym";
				ENABLE_NS_ASSERTIONS = NO;
				ENABLE_STRICT_OBJC_MSGSEND = YES;
				GCC_C_LANGUAGE_STANDARD = gnu11;
				GCC_NO_COMMON_BLOCKS = YES;
				GCC_WARN_64_TO_32_BIT_CONVERSION = YES;
				GCC_WARN_ABOUT_RETURN_TYPE = YES_ERROR;
				GCC_WARN_UNDECLARED_SELECTOR = YES;
				GCC_WARN_UNINITIALIZED_AUTOS = YES_AGGRESSIVE;
				GCC_WARN_UNUSED_FUNCTION = YES;
				GCC_WARN_UNUSED_VARIABLE = YES;
				MACOSX_DEPLOYMENT_TARGET = 10.14;
				MTL_ENABLE_DEBUG_INFO = NO;
				MTL_FAST_MATH = YES;
				SDKROOT = macosx;
			};
			name = Release;
		};
		D7E863A62192D04D006114AA /* Debug */ = {
			isa = XCBuildConfiguration;
			buildSettings = {
				CODE_SIGN_STYLE = Automatic;
				PRODUCT_NAME = "$(TARGET_NAME)";
			};
			name = Debug;
		};
		D7E863A72192D04D006114AA /* Release */ = {
			isa = XCBuildConfiguration;
			buildSettings = {
				CODE_SIGN_STYLE = Automatic;
				PRODUCT_NAME = "$(TARGET_NAME)";
			};
			name = Release;
		};
/* End XCBuildConfiguration section */

/* Begin XCConfigurationList section */
		D7E863992192D04D006114AA /* Build configuration list for PBXProject "CPlusDemo" */ = {
			isa = XCConfigurationList;
			buildConfigurations = (
				D7E863A32192D04D006114AA /* Debug */,
				D7E863A42192D04D006114AA /* Release */,
			);
			defaultConfigurationIsVisible = 0;
			defaultConfigurationName = Release;
		};
		D7E863A52192D04D006114AA /* Build configuration list for PBXNativeTarget "CPlusDemo" */ = {
			isa = XCConfigurationList;
			buildConfigurations = (
				D7E863A62192D04D006114AA /* Debug */,
				D7E863A72192D04D006114AA /* Release */,
			);
			defaultConfigurationIsVisible = 0;
			defaultConfigurationName = Release;
		};
/* End XCConfigurationList section */
	};
	rootObject = D7E863962192D04D006114AA /* Project object */;
}
